// !$*UTF8*$!
{
	archiveVersion = 1;
	classes = {
	};
	objectVersion = 46;
	objects = {

/* Begin PBXBuildFile section */
		39102D81200F7690004BB338 /* ArcView.swift in Sources */ = {isa = PBXBuildFile; fileRef = 39102D80200F7690004BB338 /* ArcView.swift */; };
		39102D83201726A3004BB338 /* BasicExtensions.swift in Sources */ = {isa = PBXBuildFile; fileRef = 39102D82201726A3004BB338 /* BasicExtensions.swift */; };
		3910519C1FB192EF0000774D /* SakerSansBold.ttf in Resources */ = {isa = PBXBuildFile; fileRef = 3910519A1FB192EF0000774D /* SakerSansBold.ttf */; };
		3910519D1FB192EF0000774D /* SakerSansLight.ttf in Resources */ = {isa = PBXBuildFile; fileRef = 3910519B1FB192EF0000774D /* SakerSansLight.ttf */; };
		391051A21FB454EF0000774D /* OrientationViewController.swift in Sources */ = {isa = PBXBuildFile; fileRef = 391051A11FB454EF0000774D /* OrientationViewController.swift */; };
		394630501FE1264A00570D83 /* ProgressHUD.swift in Sources */ = {isa = PBXBuildFile; fileRef = 3946304F1FE1264A00570D83 /* ProgressHUD.swift */; };
		394630521FE2ABFC00570D83 /* ErrorMessage.swift in Sources */ = {isa = PBXBuildFile; fileRef = 394630511FE2ABFC00570D83 /* ErrorMessage.swift */; };
		394630541FE9152200570D83 /* RenderSettings.swift in Sources */ = {isa = PBXBuildFile; fileRef = 394630531FE9152200570D83 /* RenderSettings.swift */; };
		3985F0922031AC0F0028538D /* PhotoAlbum.swift in Sources */ = {isa = PBXBuildFile; fileRef = 3985F0912031AC0F0028538D /* PhotoAlbum.swift */; };
		3985F0942031B4550028538D /* Platform.swift in Sources */ = {isa = PBXBuildFile; fileRef = 3985F0932031B4550028538D /* Platform.swift */; };
		3985F0962031B5BE0028538D /* Fonts.swift in Sources */ = {isa = PBXBuildFile; fileRef = 3985F0952031B5BE0028538D /* Fonts.swift */; };
		3985F0982031B77D0028538D /* LocalizedKeys.swift in Sources */ = {isa = PBXBuildFile; fileRef = 3985F0972031B77D0028538D /* LocalizedKeys.swift */; };
		3985F09A2031B8BA0028538D /* Globals.swift in Sources */ = {isa = PBXBuildFile; fileRef = 3985F0992031B8BA0028538D /* Globals.swift */; };
		3985F0AB2031D0D40028538D /* OpenCVWrapper.mm in Sources */ = {isa = PBXBuildFile; fileRef = 3985F0AA2031D0D40028538D /* OpenCVWrapper.mm */; };
		39A41D9D1FCD5CAA002921B8 /* TimeLapseBuilder.swift in Sources */ = {isa = PBXBuildFile; fileRef = 39A41D9A1FCD5CAA002921B8 /* TimeLapseBuilder.swift */; };
		39A41D9F1FCD5CE0002921B8 /* VideoPlayerViewController.swift in Sources */ = {isa = PBXBuildFile; fileRef = 39A41D9E1FCD5CE0002921B8 /* VideoPlayerViewController.swift */; };
		39A4E59C1FD80EE2001D374F /* Localizable.strings in Resources */ = {isa = PBXBuildFile; fileRef = 39A4E59B1FD80EE2001D374F /* Localizable.strings */; };
		39AF3C281FBC4F4F00735F24 /* OrientationView.swift in Sources */ = {isa = PBXBuildFile; fileRef = 39AF3C271FBC4F4F00735F24 /* OrientationView.swift */; };
		39CF5CC01FA07D94006EB23C /* AppDelegate.swift in Sources */ = {isa = PBXBuildFile; fileRef = 39CF5CBF1FA07D94006EB23C /* AppDelegate.swift */; };
		39CF5CC71FA07D94006EB23C /* Assets.xcassets in Resources */ = {isa = PBXBuildFile; fileRef = 39CF5CC61FA07D94006EB23C /* Assets.xcassets */; };
		39CF5CCA1FA07D94006EB23C /* LaunchScreen.storyboard in Resources */ = {isa = PBXBuildFile; fileRef = 39CF5CC81FA07D94006EB23C /* LaunchScreen.storyboard */; };
		39CF5CD51FA07D94006EB23C /* SimpleCameraTests.swift in Sources */ = {isa = PBXBuildFile; fileRef = 39CF5CD41FA07D94006EB23C /* SimpleCameraTests.swift */; };
		39CF5CE01FA07D94006EB23C /* SimpleCameraUITests.swift in Sources */ = {isa = PBXBuildFile; fileRef = 39CF5CDF1FA07D94006EB23C /* SimpleCameraUITests.swift */; };
		39E6206E1FA86FE3007E74C6 /* HomeView.swift in Sources */ = {isa = PBXBuildFile; fileRef = 39E6206D1FA86FE3007E74C6 /* HomeView.swift */; };
		39E620701FA87050007E74C6 /* CameraView.swift in Sources */ = {isa = PBXBuildFile; fileRef = 39E6206F1FA87050007E74C6 /* CameraView.swift */; };
		39E620741FA87298007E74C6 /* CameraViewController.swift in Sources */ = {isa = PBXBuildFile; fileRef = 39E620721FA87298007E74C6 /* CameraViewController.swift */; };
		39E620751FA87298007E74C6 /* HomeViewController.swift in Sources */ = {isa = PBXBuildFile; fileRef = 39E620731FA87298007E74C6 /* HomeViewController.swift */; };
		6616F878EC63513CEDC370E8 /* Pods_SimpleCamera.framework in Frameworks */ = {isa = PBXBuildFile; fileRef = 912616CD30C584480D663E2F /* Pods_SimpleCamera.framework */; };
		ACBA4B93D4C256FC596DE60F /* Pods_SimpleCameraUITests.framework in Frameworks */ = {isa = PBXBuildFile; fileRef = F5D12E1E7683142815695128 /* Pods_SimpleCameraUITests.framework */; };
		C90C7AD4AC80CD2B6B5A91EE /* Pods_SimpleCameraTests.framework in Frameworks */ = {isa = PBXBuildFile; fileRef = FCA2A738A428365AE5EE085D /* Pods_SimpleCameraTests.framework */; };
/* End PBXBuildFile section */

/* Begin PBXContainerItemProxy section */
		39CF5CD11FA07D94006EB23C /* PBXContainerItemProxy */ = {
			isa = PBXContainerItemProxy;
			containerPortal = 39CF5CB41FA07D94006EB23C /* Project object */;
			proxyType = 1;
			remoteGlobalIDString = 39CF5CBB1FA07D94006EB23C;
			remoteInfo = SimpleCamera;
		};
		39CF5CDC1FA07D94006EB23C /* PBXContainerItemProxy */ = {
			isa = PBXContainerItemProxy;
			containerPortal = 39CF5CB41FA07D94006EB23C /* Project object */;
			proxyType = 1;
			remoteGlobalIDString = 39CF5CBB1FA07D94006EB23C;
			remoteInfo = SimpleCamera;
		};
/* End PBXContainerItemProxy section */

/* Begin PBXFileReference section */
		373824BD3B807B0688E813F3 /* Pods-SimpleCamera.release.xcconfig */ = {isa = PBXFileReference; includeInIndex = 1; lastKnownFileType = text.xcconfig; name = "Pods-SimpleCamera.release.xcconfig"; path = "Pods/Target Support Files/Pods-SimpleCamera/Pods-SimpleCamera.release.xcconfig"; sourceTree = "<group>"; };
		39102D80200F7690004BB338 /* ArcView.swift */ = {isa = PBXFileReference; fileEncoding = 4; lastKnownFileType = sourcecode.swift; name = ArcView.swift; path = Components/ArcView.swift; sourceTree = "<group>"; };
		39102D82201726A3004BB338 /* BasicExtensions.swift */ = {isa = PBXFileReference; fileEncoding = 4; lastKnownFileType = sourcecode.swift; name = BasicExtensions.swift; path = Extensions/BasicExtensions.swift; sourceTree = "<group>"; };
		3910519A1FB192EF0000774D /* SakerSansBold.ttf */ = {isa = PBXFileReference; lastKnownFileType = file; name = SakerSansBold.ttf; path = Font/SakerSansBold.ttf; sourceTree = "<group>"; };
		3910519B1FB192EF0000774D /* SakerSansLight.ttf */ = {isa = PBXFileReference; lastKnownFileType = file; name = SakerSansLight.ttf; path = Font/SakerSansLight.ttf; sourceTree = "<group>"; };
		391051A11FB454EF0000774D /* OrientationViewController.swift */ = {isa = PBXFileReference; fileEncoding = 4; lastKnownFileType = sourcecode.swift; name = OrientationViewController.swift; path = Controllers/OrientationViewController.swift; sourceTree = "<group>"; };
		392D2246202C46C500C2B871 /* XCTest.framework */ = {isa = PBXFileReference; lastKnownFileType = wrapper.framework; name = XCTest.framework; path = Platforms/iPhoneOS.platform/Developer/Library/Frameworks/XCTest.framework; sourceTree = DEVELOPER_DIR; };
		392D224A202C47FC00C2B871 /* Quick.framework */ = {isa = PBXFileReference; lastKnownFileType = wrapper.framework; name = Quick.framework; path = "../../../Library/Developer/Xcode/DerivedData/SimpleCamera-euaxdflrckatnmbqrngmgspahzcs/Build/Products/Debug-iphonesimulator/Quick/Quick.framework"; sourceTree = "<group>"; };
		392D224C202C480100C2B871 /* Nimble.framework */ = {isa = PBXFileReference; lastKnownFileType = wrapper.framework; name = Nimble.framework; path = "../../../Library/Developer/Xcode/DerivedData/SimpleCamera-euaxdflrckatnmbqrngmgspahzcs/Build/Products/Debug-iphonesimulator/Nimble/Nimble.framework"; sourceTree = "<group>"; };
		3946304F1FE1264A00570D83 /* ProgressHUD.swift */ = {isa = PBXFileReference; fileEncoding = 4; lastKnownFileType = sourcecode.swift; name = ProgressHUD.swift; path = Components/ProgressHUD.swift; sourceTree = "<group>"; };
		394630511FE2ABFC00570D83 /* ErrorMessage.swift */ = {isa = PBXFileReference; fileEncoding = 4; lastKnownFileType = sourcecode.swift; name = ErrorMessage.swift; path = Components/ErrorMessage.swift; sourceTree = "<group>"; };
		394630531FE9152200570D83 /* RenderSettings.swift */ = {isa = PBXFileReference; fileEncoding = 4; lastKnownFileType = sourcecode.swift; name = RenderSettings.swift; path = Components/RenderSettings.swift; sourceTree = "<group>"; };
		3985F0912031AC0F0028538D /* PhotoAlbum.swift */ = {isa = PBXFileReference; fileEncoding = 4; lastKnownFileType = sourcecode.swift; name = PhotoAlbum.swift; path = Components/PhotoAlbum.swift; sourceTree = "<group>"; };
		3985F0932031B4550028538D /* Platform.swift */ = {isa = PBXFileReference; fileEncoding = 4; lastKnownFileType = sourcecode.swift; name = Platform.swift; path = Components/Platform.swift; sourceTree = "<group>"; };
		3985F0952031B5BE0028538D /* Fonts.swift */ = {isa = PBXFileReference; fileEncoding = 4; lastKnownFileType = sourcecode.swift; name = Fonts.swift; path = Components/Fonts.swift; sourceTree = "<group>"; };
		3985F0972031B77D0028538D /* LocalizedKeys.swift */ = {isa = PBXFileReference; fileEncoding = 4; lastKnownFileType = sourcecode.swift; name = LocalizedKeys.swift; path = Components/LocalizedKeys.swift; sourceTree = "<group>"; };
		3985F0992031B8BA0028538D /* Globals.swift */ = {isa = PBXFileReference; fileEncoding = 4; lastKnownFileType = sourcecode.swift; name = Globals.swift; path = Globals/Globals.swift; sourceTree = "<group>"; };
		3985F0A82031D0D30028538D /* SimpleCamera-Bridging-Header.h */ = {isa = PBXFileReference; lastKnownFileType = sourcecode.c.h; path = "SimpleCamera-Bridging-Header.h"; sourceTree = "<group>"; };
		3985F0A92031D0D40028538D /* OpenCVWrapper.h */ = {isa = PBXFileReference; fileEncoding = 4; lastKnownFileType = sourcecode.c.h; name = OpenCVWrapper.h; path = OpenCV/OpenCVWrapper.h; sourceTree = "<group>"; };
		3985F0AA2031D0D40028538D /* OpenCVWrapper.mm */ = {isa = PBXFileReference; fileEncoding = 4; lastKnownFileType = sourcecode.cpp.objcpp; name = OpenCVWrapper.mm; path = OpenCV/OpenCVWrapper.mm; sourceTree = "<group>"; };
		399936BC202C367100F067CD /* Quick.framework */ = {isa = PBXFileReference; lastKnownFileType = wrapper.framework; name = Quick.framework; path = "Pods/../build/Debug-iphoneos/Quick/Quick.framework"; sourceTree = "<group>"; };
		399936BE202C368100F067CD /* Nimble.framework */ = {isa = PBXFileReference; lastKnownFileType = wrapper.framework; name = Nimble.framework; path = "Pods/../build/Debug-iphoneos/Nimble/Nimble.framework"; sourceTree = "<group>"; };
		399936C0202C368E00F067CD /* Quick.framework */ = {isa = PBXFileReference; lastKnownFileType = wrapper.framework; name = Quick.framework; path = "Pods/../build/Debug-iphoneos/Quick/Quick.framework"; sourceTree = "<group>"; };
		399936C2202C369300F067CD /* Nimble.framework */ = {isa = PBXFileReference; lastKnownFileType = wrapper.framework; name = Nimble.framework; path = "Pods/../build/Debug-iphoneos/Nimble/Nimble.framework"; sourceTree = "<group>"; };
		39A41D9A1FCD5CAA002921B8 /* TimeLapseBuilder.swift */ = {isa = PBXFileReference; fileEncoding = 4; lastKnownFileType = sourcecode.swift; name = TimeLapseBuilder.swift; path = Components/TimeLapseBuilder.swift; sourceTree = "<group>"; };
		39A41D9E1FCD5CE0002921B8 /* VideoPlayerViewController.swift */ = {isa = PBXFileReference; fileEncoding = 4; lastKnownFileType = sourcecode.swift; name = VideoPlayerViewController.swift; path = Controllers/VideoPlayerViewController.swift; sourceTree = "<group>"; };
		39A4E59B1FD80EE2001D374F /* Localizable.strings */ = {isa = PBXFileReference; fileEncoding = 4; lastKnownFileType = text.plist.strings; name = Localizable.strings; path = ../Localizable.strings; sourceTree = "<group>"; };
		39AF3C271FBC4F4F00735F24 /* OrientationView.swift */ = {isa = PBXFileReference; fileEncoding = 4; lastKnownFileType = sourcecode.swift; name = OrientationView.swift; path = View/OrientationView.swift; sourceTree = "<group>"; };
		39CF5CBC1FA07D94006EB23C /* SimpleCamera.app */ = {isa = PBXFileReference; explicitFileType = wrapper.application; includeInIndex = 0; path = SimpleCamera.app; sourceTree = BUILT_PRODUCTS_DIR; };
		39CF5CBF1FA07D94006EB23C /* AppDelegate.swift */ = {isa = PBXFileReference; lastKnownFileType = sourcecode.swift; path = AppDelegate.swift; sourceTree = "<group>"; };
		39CF5CC61FA07D94006EB23C /* Assets.xcassets */ = {isa = PBXFileReference; lastKnownFileType = folder.assetcatalog; path = Assets.xcassets; sourceTree = "<group>"; };
		39CF5CC91FA07D94006EB23C /* Base */ = {isa = PBXFileReference; lastKnownFileType = file.storyboard; name = Base; path = Base.lproj/LaunchScreen.storyboard; sourceTree = "<group>"; };
		39CF5CCB1FA07D94006EB23C /* Info.plist */ = {isa = PBXFileReference; lastKnownFileType = text.plist.xml; path = Info.plist; sourceTree = "<group>"; };
		39CF5CD01FA07D94006EB23C /* SimpleCameraTests.xctest */ = {isa = PBXFileReference; explicitFileType = wrapper.cfbundle; includeInIndex = 0; path = SimpleCameraTests.xctest; sourceTree = BUILT_PRODUCTS_DIR; };
		39CF5CD41FA07D94006EB23C /* SimpleCameraTests.swift */ = {isa = PBXFileReference; lastKnownFileType = sourcecode.swift; path = SimpleCameraTests.swift; sourceTree = "<group>"; };
		39CF5CD61FA07D94006EB23C /* Info.plist */ = {isa = PBXFileReference; lastKnownFileType = text.plist.xml; path = Info.plist; sourceTree = "<group>"; };
		39CF5CDB1FA07D94006EB23C /* SimpleCameraUITests.xctest */ = {isa = PBXFileReference; explicitFileType = wrapper.cfbundle; includeInIndex = 0; path = SimpleCameraUITests.xctest; sourceTree = BUILT_PRODUCTS_DIR; };
		39CF5CDF1FA07D94006EB23C /* SimpleCameraUITests.swift */ = {isa = PBXFileReference; lastKnownFileType = sourcecode.swift; path = SimpleCameraUITests.swift; sourceTree = "<group>"; };
		39CF5CE11FA07D94006EB23C /* Info.plist */ = {isa = PBXFileReference; lastKnownFileType = text.plist.xml; path = Info.plist; sourceTree = "<group>"; };
		39E6206D1FA86FE3007E74C6 /* HomeView.swift */ = {isa = PBXFileReference; fileEncoding = 4; lastKnownFileType = sourcecode.swift; name = HomeView.swift; path = View/HomeView.swift; sourceTree = "<group>"; };
		39E6206F1FA87050007E74C6 /* CameraView.swift */ = {isa = PBXFileReference; fileEncoding = 4; lastKnownFileType = sourcecode.swift; name = CameraView.swift; path = View/CameraView.swift; sourceTree = "<group>"; };
		39E620721FA87298007E74C6 /* CameraViewController.swift */ = {isa = PBXFileReference; fileEncoding = 4; lastKnownFileType = sourcecode.swift; name = CameraViewController.swift; path = Controllers/CameraViewController.swift; sourceTree = "<group>"; };
		39E620731FA87298007E74C6 /* HomeViewController.swift */ = {isa = PBXFileReference; fileEncoding = 4; lastKnownFileType = sourcecode.swift; name = HomeViewController.swift; path = Controllers/HomeViewController.swift; sourceTree = "<group>"; };
		5EAE61B6D2C509AE02AFCAE9 /* Pods-SimpleCameraTests.debug.xcconfig */ = {isa = PBXFileReference; includeInIndex = 1; lastKnownFileType = text.xcconfig; name = "Pods-SimpleCameraTests.debug.xcconfig"; path = "Pods/Target Support Files/Pods-SimpleCameraTests/Pods-SimpleCameraTests.debug.xcconfig"; sourceTree = "<group>"; };
		912616CD30C584480D663E2F /* Pods_SimpleCamera.framework */ = {isa = PBXFileReference; explicitFileType = wrapper.framework; includeInIndex = 0; path = Pods_SimpleCamera.framework; sourceTree = BUILT_PRODUCTS_DIR; };
		921C7AC99A42FAC509909F07 /* Pods-SimpleCameraUITests.debug.xcconfig */ = {isa = PBXFileReference; includeInIndex = 1; lastKnownFileType = text.xcconfig; name = "Pods-SimpleCameraUITests.debug.xcconfig"; path = "Pods/Target Support Files/Pods-SimpleCameraUITests/Pods-SimpleCameraUITests.debug.xcconfig"; sourceTree = "<group>"; };
		9ACBD0A2CB74A5632B46F504 /* Pods-SimpleCameraTests.release.xcconfig */ = {isa = PBXFileReference; includeInIndex = 1; lastKnownFileType = text.xcconfig; name = "Pods-SimpleCameraTests.release.xcconfig"; path = "Pods/Target Support Files/Pods-SimpleCameraTests/Pods-SimpleCameraTests.release.xcconfig"; sourceTree = "<group>"; };
		B21EA3AB42421D514F4FCB93 /* Pods-SimpleCamera.debug.xcconfig */ = {isa = PBXFileReference; includeInIndex = 1; lastKnownFileType = text.xcconfig; name = "Pods-SimpleCamera.debug.xcconfig"; path = "Pods/Target Support Files/Pods-SimpleCamera/Pods-SimpleCamera.debug.xcconfig"; sourceTree = "<group>"; };
		BE9834E682EE850F4B450518 /* Pods-SimpleCameraUITests.release.xcconfig */ = {isa = PBXFileReference; includeInIndex = 1; lastKnownFileType = text.xcconfig; name = "Pods-SimpleCameraUITests.release.xcconfig"; path = "Pods/Target Support Files/Pods-SimpleCameraUITests/Pods-SimpleCameraUITests.release.xcconfig"; sourceTree = "<group>"; };
		F5D12E1E7683142815695128 /* Pods_SimpleCameraUITests.framework */ = {isa = PBXFileReference; explicitFileType = wrapper.framework; includeInIndex = 0; path = Pods_SimpleCameraUITests.framework; sourceTree = BUILT_PRODUCTS_DIR; };
		FCA2A738A428365AE5EE085D /* Pods_SimpleCameraTests.framework */ = {isa = PBXFileReference; explicitFileType = wrapper.framework; includeInIndex = 0; path = Pods_SimpleCameraTests.framework; sourceTree = BUILT_PRODUCTS_DIR; };
/* End PBXFileReference section */

/* Begin PBXFrameworksBuildPhase section */
		39CF5CB91FA07D94006EB23C /* Frameworks */ = {
			isa = PBXFrameworksBuildPhase;
			buildActionMask = 2147483647;
			files = (
				6616F878EC63513CEDC370E8 /* Pods_SimpleCamera.framework in Frameworks */,
			);
			runOnlyForDeploymentPostprocessing = 0;
		};
		39CF5CCD1FA07D94006EB23C /* Frameworks */ = {
			isa = PBXFrameworksBuildPhase;
			buildActionMask = 2147483647;
			files = (
				C90C7AD4AC80CD2B6B5A91EE /* Pods_SimpleCameraTests.framework in Frameworks */,
			);
			runOnlyForDeploymentPostprocessing = 0;
		};
		39CF5CD81FA07D94006EB23C /* Frameworks */ = {
			isa = PBXFrameworksBuildPhase;
			buildActionMask = 2147483647;
			files = (
				ACBA4B93D4C256FC596DE60F /* Pods_SimpleCameraUITests.framework in Frameworks */,
			);
			runOnlyForDeploymentPostprocessing = 0;
		};
/* End PBXFrameworksBuildPhase section */

/* Begin PBXGroup section */
		369C7CDC42A6C66C9C79E414 /* Frameworks */ = {
			isa = PBXGroup;
			children = (
				392D224C202C480100C2B871 /* Nimble.framework */,
				392D224A202C47FC00C2B871 /* Quick.framework */,
				392D2246202C46C500C2B871 /* XCTest.framework */,
				399936C2202C369300F067CD /* Nimble.framework */,
				399936C0202C368E00F067CD /* Quick.framework */,
				399936BE202C368100F067CD /* Nimble.framework */,
				399936BC202C367100F067CD /* Quick.framework */,
				912616CD30C584480D663E2F /* Pods_SimpleCamera.framework */,
				FCA2A738A428365AE5EE085D /* Pods_SimpleCameraTests.framework */,
				F5D12E1E7683142815695128 /* Pods_SimpleCameraUITests.framework */,
			);
			name = Frameworks;
			sourceTree = "<group>";
		};
		391051951FB094A60000774D /* Font */ = {
			isa = PBXGroup;
			children = (
				3910519A1FB192EF0000774D /* SakerSansBold.ttf */,
				3910519B1FB192EF0000774D /* SakerSansLight.ttf */,
			);
			name = Font;
			sourceTree = "<group>";
		};
		3985F09B2031B8BF0028538D /* Gobals */ = {
			isa = PBXGroup;
			children = (
				3985F0992031B8BA0028538D /* Globals.swift */,
			);
			name = Gobals;
			sourceTree = "<group>";
		};
		3985F0A12031CDDA0028538D /* OpenCV */ = {
			isa = PBXGroup;
			children = (
				3985F0A92031D0D40028538D /* OpenCVWrapper.h */,
				3985F0AA2031D0D40028538D /* OpenCVWrapper.mm */,
				3985F0A82031D0D30028538D /* SimpleCamera-Bridging-Header.h */,
			);
			name = OpenCV;
			sourceTree = "<group>";
		};
		39A41D971FCD5C22002921B8 /* Components */ = {
			isa = PBXGroup;
			children = (
				39A41D9A1FCD5CAA002921B8 /* TimeLapseBuilder.swift */,
				3946304F1FE1264A00570D83 /* ProgressHUD.swift */,
				394630511FE2ABFC00570D83 /* ErrorMessage.swift */,
				394630531FE9152200570D83 /* RenderSettings.swift */,
				39102D80200F7690004BB338 /* ArcView.swift */,
				3985F0912031AC0F0028538D /* PhotoAlbum.swift */,
				3985F0932031B4550028538D /* Platform.swift */,
				3985F0952031B5BE0028538D /* Fonts.swift */,
				3985F0972031B77D0028538D /* LocalizedKeys.swift */,
			);
			name = Components;
			sourceTree = "<group>";
		};
		39CF5CB31FA07D94006EB23C = {
			isa = PBXGroup;
			children = (
				39CF5CBE1FA07D94006EB23C /* SimpleCamera */,
				39CF5CD31FA07D94006EB23C /* SimpleCameraTests */,
				39CF5CDE1FA07D94006EB23C /* SimpleCameraUITests */,
				39CF5CBD1FA07D94006EB23C /* Products */,
				369C7CDC42A6C66C9C79E414 /* Frameworks */,
				C24D41645587F3A13BEDA1C6 /* Pods */,
			);
			sourceTree = "<group>";
		};
		39CF5CBD1FA07D94006EB23C /* Products */ = {
			isa = PBXGroup;
			children = (
				39CF5CBC1FA07D94006EB23C /* SimpleCamera.app */,
				39CF5CD01FA07D94006EB23C /* SimpleCameraTests.xctest */,
				39CF5CDB1FA07D94006EB23C /* SimpleCameraUITests.xctest */,
			);
			name = Products;
			sourceTree = "<group>";
		};
		39CF5CBE1FA07D94006EB23C /* SimpleCamera */ = {
			isa = PBXGroup;
			children = (
				39A41D971FCD5C22002921B8 /* Components */,
				39E620711FA87289007E74C6 /* Controllers */,
				39E6206C1FA86FA4007E74C6 /* View */,
				39E620631FA1E87D007E74C6 /* Extensions */,
				3985F09B2031B8BF0028538D /* Gobals */,
				391051951FB094A60000774D /* Font */,
				39CF5CBF1FA07D94006EB23C /* AppDelegate.swift */,
				3985F0A12031CDDA0028538D /* OpenCV */,
				39CF5CC61FA07D94006EB23C /* Assets.xcassets */,
				39CF5CC81FA07D94006EB23C /* LaunchScreen.storyboard */,
				39A4E59B1FD80EE2001D374F /* Localizable.strings */,
				39CF5CCB1FA07D94006EB23C /* Info.plist */,
			);
			path = SimpleCamera;
			sourceTree = "<group>";
		};
		39CF5CD31FA07D94006EB23C /* SimpleCameraTests */ = {
			isa = PBXGroup;
			children = (
				39CF5CD41FA07D94006EB23C /* SimpleCameraTests.swift */,
				39CF5CD61FA07D94006EB23C /* Info.plist */,
			);
			path = SimpleCameraTests;
			sourceTree = "<group>";
		};
		39CF5CDE1FA07D94006EB23C /* SimpleCameraUITests */ = {
			isa = PBXGroup;
			children = (
				39CF5CDF1FA07D94006EB23C /* SimpleCameraUITests.swift */,
				39CF5CE11FA07D94006EB23C /* Info.plist */,
			);
			path = SimpleCameraUITests;
			sourceTree = "<group>";
		};
		39E620631FA1E87D007E74C6 /* Extensions */ = {
			isa = PBXGroup;
			children = (
				39102D82201726A3004BB338 /* BasicExtensions.swift */,
			);
			name = Extensions;
			sourceTree = "<group>";
		};
		39E6206C1FA86FA4007E74C6 /* View */ = {
			isa = PBXGroup;
			children = (
				39E6206F1FA87050007E74C6 /* CameraView.swift */,
				39E6206D1FA86FE3007E74C6 /* HomeView.swift */,
				39AF3C271FBC4F4F00735F24 /* OrientationView.swift */,
			);
			name = View;
			sourceTree = "<group>";
		};
		39E620711FA87289007E74C6 /* Controllers */ = {
			isa = PBXGroup;
			children = (
				39E620721FA87298007E74C6 /* CameraViewController.swift */,
				39E620731FA87298007E74C6 /* HomeViewController.swift */,
				391051A11FB454EF0000774D /* OrientationViewController.swift */,
				39A41D9E1FCD5CE0002921B8 /* VideoPlayerViewController.swift */,
			);
			name = Controllers;
			sourceTree = "<group>";
		};
		C24D41645587F3A13BEDA1C6 /* Pods */ = {
			isa = PBXGroup;
			children = (
				B21EA3AB42421D514F4FCB93 /* Pods-SimpleCamera.debug.xcconfig */,
				373824BD3B807B0688E813F3 /* Pods-SimpleCamera.release.xcconfig */,
				5EAE61B6D2C509AE02AFCAE9 /* Pods-SimpleCameraTests.debug.xcconfig */,
				9ACBD0A2CB74A5632B46F504 /* Pods-SimpleCameraTests.release.xcconfig */,
				921C7AC99A42FAC509909F07 /* Pods-SimpleCameraUITests.debug.xcconfig */,
				BE9834E682EE850F4B450518 /* Pods-SimpleCameraUITests.release.xcconfig */,
			);
			name = Pods;
			sourceTree = "<group>";
		};
/* End PBXGroup section */

/* Begin PBXNativeTarget section */
		39CF5CBB1FA07D94006EB23C /* SimpleCamera */ = {
			isa = PBXNativeTarget;
			buildConfigurationList = 39CF5CE41FA07D94006EB23C /* Build configuration list for PBXNativeTarget "SimpleCamera" */;
			buildPhases = (
				A3F9916050A57F1FC4BF34AA /* [CP] Check Pods Manifest.lock */,
				39CF5CB81FA07D94006EB23C /* Sources */,
				39CF5CB91FA07D94006EB23C /* Frameworks */,
				39CF5CBA1FA07D94006EB23C /* Resources */,
				9287FF64B7C3CFBE6C65226E /* [CP] Embed Pods Frameworks */,
				27D075795E845B1725307326 /* [CP] Copy Pods Resources */,
			);
			buildRules = (
			);
			dependencies = (
			);
			name = SimpleCamera;
			productName = SimpleCamera;
			productReference = 39CF5CBC1FA07D94006EB23C /* SimpleCamera.app */;
			productType = "com.apple.product-type.application";
		};
		39CF5CCF1FA07D94006EB23C /* SimpleCameraTests */ = {
			isa = PBXNativeTarget;
			buildConfigurationList = 39CF5CE71FA07D94006EB23C /* Build configuration list for PBXNativeTarget "SimpleCameraTests" */;
			buildPhases = (
				6DCD018F9A6244008ED0293C /* [CP] Check Pods Manifest.lock */,
				39CF5CCC1FA07D94006EB23C /* Sources */,
				39CF5CCD1FA07D94006EB23C /* Frameworks */,
				39CF5CCE1FA07D94006EB23C /* Resources */,
				E8AB849E57C9413C698879A4 /* [CP] Embed Pods Frameworks */,
				5A393BB98A99A9D76746C02F /* [CP] Copy Pods Resources */,
			);
			buildRules = (
			);
			dependencies = (
				39CF5CD21FA07D94006EB23C /* PBXTargetDependency */,
			);
			name = SimpleCameraTests;
			productName = SimpleCameraTests;
			productReference = 39CF5CD01FA07D94006EB23C /* SimpleCameraTests.xctest */;
			productType = "com.apple.product-type.bundle.unit-test";
		};
		39CF5CDA1FA07D94006EB23C /* SimpleCameraUITests */ = {
			isa = PBXNativeTarget;
			buildConfigurationList = 39CF5CEA1FA07D94006EB23C /* Build configuration list for PBXNativeTarget "SimpleCameraUITests" */;
			buildPhases = (
				6F9E0614C9D96C13CD4C4AB2 /* [CP] Check Pods Manifest.lock */,
				39CF5CD71FA07D94006EB23C /* Sources */,
				39CF5CD81FA07D94006EB23C /* Frameworks */,
				39CF5CD91FA07D94006EB23C /* Resources */,
				3F68DB8C8E9427B28C19ACE2 /* [CP] Embed Pods Frameworks */,
				20F92B50A9CA835290486BC2 /* [CP] Copy Pods Resources */,
			);
			buildRules = (
			);
			dependencies = (
				39CF5CDD1FA07D94006EB23C /* PBXTargetDependency */,
			);
			name = SimpleCameraUITests;
			productName = SimpleCameraUITests;
			productReference = 39CF5CDB1FA07D94006EB23C /* SimpleCameraUITests.xctest */;
			productType = "com.apple.product-type.bundle.ui-testing";
		};
/* End PBXNativeTarget section */

/* Begin PBXProject section */
		39CF5CB41FA07D94006EB23C /* Project object */ = {
			isa = PBXProject;
			attributes = {
				LastSwiftUpdateCheck = 0830;
				LastUpgradeCheck = 0920;
				ORGANIZATIONNAME = "Biro, Zsolt";
				TargetAttributes = {
					39CF5CBB1FA07D94006EB23C = {
						CreatedOnToolsVersion = 8.3.2;
						DevelopmentTeam = 48NALRU3W3;
						LastSwiftMigration = 0830;
						ProvisioningStyle = Automatic;
					};
					39CF5CCF1FA07D94006EB23C = {
						CreatedOnToolsVersion = 8.3.2;
						DevelopmentTeam = 9L2TPWUVEQ;
						LastSwiftMigration = 0920;
						ProvisioningStyle = Automatic;
						TestTargetID = 39CF5CBB1FA07D94006EB23C;
					};
					39CF5CDA1FA07D94006EB23C = {
						CreatedOnToolsVersion = 8.3.2;
						DevelopmentTeam = 9L2TPWUVEQ;
						LastSwiftMigration = 0920;
						ProvisioningStyle = Automatic;
						TestTargetID = 39CF5CBB1FA07D94006EB23C;
					};
				};
			};
			buildConfigurationList = 39CF5CB71FA07D94006EB23C /* Build configuration list for PBXProject "SimpleCamera" */;
			compatibilityVersion = "Xcode 3.2";
			developmentRegion = English;
			hasScannedForEncodings = 0;
			knownRegions = (
				en,
				Base,
			);
			mainGroup = 39CF5CB31FA07D94006EB23C;
			productRefGroup = 39CF5CBD1FA07D94006EB23C /* Products */;
			projectDirPath = "";
			projectRoot = "";
			targets = (
				39CF5CBB1FA07D94006EB23C /* SimpleCamera */,
				39CF5CCF1FA07D94006EB23C /* SimpleCameraTests */,
				39CF5CDA1FA07D94006EB23C /* SimpleCameraUITests */,
			);
		};
/* End PBXProject section */

/* Begin PBXResourcesBuildPhase section */
		39CF5CBA1FA07D94006EB23C /* Resources */ = {
			isa = PBXResourcesBuildPhase;
			buildActionMask = 2147483647;
			files = (
				39A4E59C1FD80EE2001D374F /* Localizable.strings in Resources */,
				39CF5CCA1FA07D94006EB23C /* LaunchScreen.storyboard in Resources */,
				3910519D1FB192EF0000774D /* SakerSansLight.ttf in Resources */,
				39CF5CC71FA07D94006EB23C /* Assets.xcassets in Resources */,
				3910519C1FB192EF0000774D /* SakerSansBold.ttf in Resources */,
			);
			runOnlyForDeploymentPostprocessing = 0;
		};
		39CF5CCE1FA07D94006EB23C /* Resources */ = {
			isa = PBXResourcesBuildPhase;
			buildActionMask = 2147483647;
			files = (
			);
			runOnlyForDeploymentPostprocessing = 0;
		};
		39CF5CD91FA07D94006EB23C /* Resources */ = {
			isa = PBXResourcesBuildPhase;
			buildActionMask = 2147483647;
			files = (
			);
			runOnlyForDeploymentPostprocessing = 0;
		};
/* End PBXResourcesBuildPhase section */

/* Begin PBXShellScriptBuildPhase section */
		20F92B50A9CA835290486BC2 /* [CP] Copy Pods Resources */ = {
			isa = PBXShellScriptBuildPhase;
			buildActionMask = 2147483647;
			files = (
			);
			inputPaths = (
			);
			name = "[CP] Copy Pods Resources";
			outputPaths = (
			);
			runOnlyForDeploymentPostprocessing = 0;
			shellPath = /bin/sh;
			shellScript = "\"${SRCROOT}/Pods/Target Support Files/Pods-SimpleCameraUITests/Pods-SimpleCameraUITests-resources.sh\"\n";
			showEnvVarsInLog = 0;
		};
		27D075795E845B1725307326 /* [CP] Copy Pods Resources */ = {
			isa = PBXShellScriptBuildPhase;
			buildActionMask = 2147483647;
			files = (
			);
			inputPaths = (
			);
			name = "[CP] Copy Pods Resources";
			outputPaths = (
			);
			runOnlyForDeploymentPostprocessing = 0;
			shellPath = /bin/sh;
			shellScript = "\"${SRCROOT}/Pods/Target Support Files/Pods-SimpleCamera/Pods-SimpleCamera-resources.sh\"\n";
			showEnvVarsInLog = 0;
		};
		3F68DB8C8E9427B28C19ACE2 /* [CP] Embed Pods Frameworks */ = {
			isa = PBXShellScriptBuildPhase;
			buildActionMask = 2147483647;
			files = (
			);
			inputPaths = (
				"${SRCROOT}/Pods/Target Support Files/Pods-SimpleCameraUITests/Pods-SimpleCameraUITests-frameworks.sh",
				"${BUILT_PRODUCTS_DIR}/Nimble/Nimble.framework",
				"${BUILT_PRODUCTS_DIR}/Quick/Quick.framework",
			);
			name = "[CP] Embed Pods Frameworks";
			outputPaths = (
				"${TARGET_BUILD_DIR}/${FRAMEWORKS_FOLDER_PATH}/Nimble.framework",
				"${TARGET_BUILD_DIR}/${FRAMEWORKS_FOLDER_PATH}/Quick.framework",
			);
			runOnlyForDeploymentPostprocessing = 0;
			shellPath = /bin/sh;
			shellScript = "\"${SRCROOT}/Pods/Target Support Files/Pods-SimpleCameraUITests/Pods-SimpleCameraUITests-frameworks.sh\"\n";
			showEnvVarsInLog = 0;
		};
		5A393BB98A99A9D76746C02F /* [CP] Copy Pods Resources */ = {
			isa = PBXShellScriptBuildPhase;
			buildActionMask = 2147483647;
			files = (
			);
			inputPaths = (
			);
			name = "[CP] Copy Pods Resources";
			outputPaths = (
			);
			runOnlyForDeploymentPostprocessing = 0;
			shellPath = /bin/sh;
			shellScript = "\"${SRCROOT}/Pods/Target Support Files/Pods-SimpleCameraTests/Pods-SimpleCameraTests-resources.sh\"\n";
			showEnvVarsInLog = 0;
		};
		6DCD018F9A6244008ED0293C /* [CP] Check Pods Manifest.lock */ = {
			isa = PBXShellScriptBuildPhase;
			buildActionMask = 2147483647;
			files = (
			);
			inputPaths = (
				"${PODS_PODFILE_DIR_PATH}/Podfile.lock",
				"${PODS_ROOT}/Manifest.lock",
			);
			name = "[CP] Check Pods Manifest.lock";
			outputPaths = (
				"$(DERIVED_FILE_DIR)/Pods-SimpleCameraTests-checkManifestLockResult.txt",
			);
			runOnlyForDeploymentPostprocessing = 0;
			shellPath = /bin/sh;
			shellScript = "diff \"${PODS_PODFILE_DIR_PATH}/Podfile.lock\" \"${PODS_ROOT}/Manifest.lock\" > /dev/null\nif [ $? != 0 ] ; then\n    # print error to STDERR\n    echo \"error: The sandbox is not in sync with the Podfile.lock. Run 'pod install' or update your CocoaPods installation.\" >&2\n    exit 1\nfi\n# This output is used by Xcode 'outputs' to avoid re-running this script phase.\necho \"SUCCESS\" > \"${SCRIPT_OUTPUT_FILE_0}\"\n";
			showEnvVarsInLog = 0;
		};
		6F9E0614C9D96C13CD4C4AB2 /* [CP] Check Pods Manifest.lock */ = {
			isa = PBXShellScriptBuildPhase;
			buildActionMask = 2147483647;
			files = (
			);
			inputPaths = (
				"${PODS_PODFILE_DIR_PATH}/Podfile.lock",
				"${PODS_ROOT}/Manifest.lock",
			);
			name = "[CP] Check Pods Manifest.lock";
			outputPaths = (
				"$(DERIVED_FILE_DIR)/Pods-SimpleCameraUITests-checkManifestLockResult.txt",
			);
			runOnlyForDeploymentPostprocessing = 0;
			shellPath = /bin/sh;
			shellScript = "diff \"${PODS_PODFILE_DIR_PATH}/Podfile.lock\" \"${PODS_ROOT}/Manifest.lock\" > /dev/null\nif [ $? != 0 ] ; then\n    # print error to STDERR\n    echo \"error: The sandbox is not in sync with the Podfile.lock. Run 'pod install' or update your CocoaPods installation.\" >&2\n    exit 1\nfi\n# This output is used by Xcode 'outputs' to avoid re-running this script phase.\necho \"SUCCESS\" > \"${SCRIPT_OUTPUT_FILE_0}\"\n";
			showEnvVarsInLog = 0;
		};
		9287FF64B7C3CFBE6C65226E /* [CP] Embed Pods Frameworks */ = {
			isa = PBXShellScriptBuildPhase;
			buildActionMask = 2147483647;
			files = (
			);
			inputPaths = (
				"${SRCROOT}/Pods/Target Support Files/Pods-SimpleCamera/Pods-SimpleCamera-frameworks.sh",
				"${BUILT_PRODUCTS_DIR}/Floaty/Floaty.framework",
				"${BUILT_PRODUCTS_DIR}/Player/Player.framework",
				"${BUILT_PRODUCTS_DIR}/PureLayout/PureLayout.framework",
			);
			name = "[CP] Embed Pods Frameworks";
			outputPaths = (
				"${TARGET_BUILD_DIR}/${FRAMEWORKS_FOLDER_PATH}/Floaty.framework",
				"${TARGET_BUILD_DIR}/${FRAMEWORKS_FOLDER_PATH}/Player.framework",
				"${TARGET_BUILD_DIR}/${FRAMEWORKS_FOLDER_PATH}/PureLayout.framework",
			);
			runOnlyForDeploymentPostprocessing = 0;
			shellPath = /bin/sh;
			shellScript = "\"${SRCROOT}/Pods/Target Support Files/Pods-SimpleCamera/Pods-SimpleCamera-frameworks.sh\"\n";
			showEnvVarsInLog = 0;
		};
		A3F9916050A57F1FC4BF34AA /* [CP] Check Pods Manifest.lock */ = {
			isa = PBXShellScriptBuildPhase;
			buildActionMask = 2147483647;
			files = (
			);
			inputPaths = (
				"${PODS_PODFILE_DIR_PATH}/Podfile.lock",
				"${PODS_ROOT}/Manifest.lock",
			);
			name = "[CP] Check Pods Manifest.lock";
			outputPaths = (
				"$(DERIVED_FILE_DIR)/Pods-SimpleCamera-checkManifestLockResult.txt",
			);
			runOnlyForDeploymentPostprocessing = 0;
			shellPath = /bin/sh;
			shellScript = "diff \"${PODS_PODFILE_DIR_PATH}/Podfile.lock\" \"${PODS_ROOT}/Manifest.lock\" > /dev/null\nif [ $? != 0 ] ; then\n    # print error to STDERR\n    echo \"error: The sandbox is not in sync with the Podfile.lock. Run 'pod install' or update your CocoaPods installation.\" >&2\n    exit 1\nfi\n# This output is used by Xcode 'outputs' to avoid re-running this script phase.\necho \"SUCCESS\" > \"${SCRIPT_OUTPUT_FILE_0}\"\n";
			showEnvVarsInLog = 0;
		};
		E8AB849E57C9413C698879A4 /* [CP] Embed Pods Frameworks */ = {
			isa = PBXShellScriptBuildPhase;
			buildActionMask = 2147483647;
			files = (
			);
			inputPaths = (
				"${SRCROOT}/Pods/Target Support Files/Pods-SimpleCameraTests/Pods-SimpleCameraTests-frameworks.sh",
				"${BUILT_PRODUCTS_DIR}/Nimble/Nimble.framework",
				"${BUILT_PRODUCTS_DIR}/Quick/Quick.framework",
			);
			name = "[CP] Embed Pods Frameworks";
			outputPaths = (
				"${TARGET_BUILD_DIR}/${FRAMEWORKS_FOLDER_PATH}/Nimble.framework",
				"${TARGET_BUILD_DIR}/${FRAMEWORKS_FOLDER_PATH}/Quick.framework",
			);
			runOnlyForDeploymentPostprocessing = 0;
			shellPath = /bin/sh;
			shellScript = "\"${SRCROOT}/Pods/Target Support Files/Pods-SimpleCameraTests/Pods-SimpleCameraTests-frameworks.sh\"\n";
			showEnvVarsInLog = 0;
		};
/* End PBXShellScriptBuildPhase section */

/* Begin PBXSourcesBuildPhase section */
		39CF5CB81FA07D94006EB23C /* Sources */ = {
			isa = PBXSourcesBuildPhase;
			buildActionMask = 2147483647;
			files = (
				3985F0AB2031D0D40028538D /* OpenCVWrapper.mm in Sources */,
				39CF5CC01FA07D94006EB23C /* AppDelegate.swift in Sources */,
				39102D83201726A3004BB338 /* BasicExtensions.swift in Sources */,
				39102D81200F7690004BB338 /* ArcView.swift in Sources */,
				3985F0942031B4550028538D /* Platform.swift in Sources */,
				3985F0982031B77D0028538D /* LocalizedKeys.swift in Sources */,
				394630521FE2ABFC00570D83 /* ErrorMessage.swift in Sources */,
				3985F09A2031B8BA0028538D /* Globals.swift in Sources */,
				39A41D9D1FCD5CAA002921B8 /* TimeLapseBuilder.swift in Sources */,
				394630501FE1264A00570D83 /* ProgressHUD.swift in Sources */,
				3985F0922031AC0F0028538D /* PhotoAlbum.swift in Sources */,
				39AF3C281FBC4F4F00735F24 /* OrientationView.swift in Sources */,
				39E6206E1FA86FE3007E74C6 /* HomeView.swift in Sources */,
				394630541FE9152200570D83 /* RenderSettings.swift in Sources */,
				39E620751FA87298007E74C6 /* HomeViewController.swift in Sources */,
				391051A21FB454EF0000774D /* OrientationViewController.swift in Sources */,
				39A41D9F1FCD5CE0002921B8 /* VideoPlayerViewController.swift in Sources */,
				39E620741FA87298007E74C6 /* CameraViewController.swift in Sources */,
				3985F0962031B5BE0028538D /* Fonts.swift in Sources */,
				39E620701FA87050007E74C6 /* CameraView.swift in Sources */,
			);
			runOnlyForDeploymentPostprocessing = 0;
		};
		39CF5CCC1FA07D94006EB23C /* Sources */ = {
			isa = PBXSourcesBuildPhase;
			buildActionMask = 2147483647;
			files = (
				39CF5CD51FA07D94006EB23C /* SimpleCameraTests.swift in Sources */,
			);
			runOnlyForDeploymentPostprocessing = 0;
		};
		39CF5CD71FA07D94006EB23C /* Sources */ = {
			isa = PBXSourcesBuildPhase;
			buildActionMask = 2147483647;
			files = (
				39CF5CE01FA07D94006EB23C /* SimpleCameraUITests.swift in Sources */,
			);
			runOnlyForDeploymentPostprocessing = 0;
		};
/* End PBXSourcesBuildPhase section */

/* Begin PBXTargetDependency section */
		39CF5CD21FA07D94006EB23C /* PBXTargetDependency */ = {
			isa = PBXTargetDependency;
			target = 39CF5CBB1FA07D94006EB23C /* SimpleCamera */;
			targetProxy = 39CF5CD11FA07D94006EB23C /* PBXContainerItemProxy */;
		};
		39CF5CDD1FA07D94006EB23C /* PBXTargetDependency */ = {
			isa = PBXTargetDependency;
			target = 39CF5CBB1FA07D94006EB23C /* SimpleCamera */;
			targetProxy = 39CF5CDC1FA07D94006EB23C /* PBXContainerItemProxy */;
		};
/* End PBXTargetDependency section */

/* Begin PBXVariantGroup section */
		39CF5CC81FA07D94006EB23C /* LaunchScreen.storyboard */ = {
			isa = PBXVariantGroup;
			children = (
				39CF5CC91FA07D94006EB23C /* Base */,
			);
			name = LaunchScreen.storyboard;
			sourceTree = "<group>";
		};
/* End PBXVariantGroup section */

/* Begin XCBuildConfiguration section */
		39CF5CE21FA07D94006EB23C /* Debug */ = {
			isa = XCBuildConfiguration;
			buildSettings = {
				ALWAYS_SEARCH_USER_PATHS = NO;
				CLANG_ANALYZER_NONNULL = YES;
				CLANG_ANALYZER_NUMBER_OBJECT_CONVERSION = YES_AGGRESSIVE;
				CLANG_CXX_LANGUAGE_STANDARD = "gnu++0x";
				CLANG_CXX_LIBRARY = "libc++";
				CLANG_ENABLE_MODULES = YES;
				CLANG_ENABLE_OBJC_ARC = YES;
				CLANG_WARN_BLOCK_CAPTURE_AUTORELEASING = YES;
				CLANG_WARN_BOOL_CONVERSION = YES;
				CLANG_WARN_COMMA = YES;
				CLANG_WARN_CONSTANT_CONVERSION = YES;
				CLANG_WARN_DIRECT_OBJC_ISA_USAGE = YES_ERROR;
				CLANG_WARN_DOCUMENTATION_COMMENTS = YES;
				CLANG_WARN_EMPTY_BODY = YES;
				CLANG_WARN_ENUM_CONVERSION = YES;
				CLANG_WARN_INFINITE_RECURSION = YES;
				CLANG_WARN_INT_CONVERSION = YES;
				CLANG_WARN_NON_LITERAL_NULL_CONVERSION = YES;
				CLANG_WARN_OBJC_LITERAL_CONVERSION = YES;
				CLANG_WARN_OBJC_ROOT_CLASS = YES_ERROR;
				CLANG_WARN_RANGE_LOOP_ANALYSIS = YES;
				CLANG_WARN_STRICT_PROTOTYPES = YES;
				CLANG_WARN_SUSPICIOUS_MOVE = YES;
				CLANG_WARN_UNREACHABLE_CODE = YES;
				CLANG_WARN__DUPLICATE_METHOD_MATCH = YES;
				"CODE_SIGN_IDENTITY[sdk=iphoneos*]" = "iPhone Developer";
				COPY_PHASE_STRIP = NO;
				DEBUG_INFORMATION_FORMAT = dwarf;
				ENABLE_STRICT_OBJC_MSGSEND = YES;
				ENABLE_TESTABILITY = YES;
				GCC_C_LANGUAGE_STANDARD = gnu99;
				GCC_DYNAMIC_NO_PIC = NO;
				GCC_NO_COMMON_BLOCKS = YES;
				GCC_OPTIMIZATION_LEVEL = 0;
				GCC_PREPROCESSOR_DEFINITIONS = (
					"DEBUG=1",
					"$(inherited)",
				);
				GCC_WARN_64_TO_32_BIT_CONVERSION = YES;
				GCC_WARN_ABOUT_RETURN_TYPE = YES_ERROR;
				GCC_WARN_UNDECLARED_SELECTOR = YES;
				GCC_WARN_UNINITIALIZED_AUTOS = YES_AGGRESSIVE;
				GCC_WARN_UNUSED_FUNCTION = YES;
				GCC_WARN_UNUSED_VARIABLE = YES;
				IPHONEOS_DEPLOYMENT_TARGET = 10.3;
				MTL_ENABLE_DEBUG_INFO = YES;
				ONLY_ACTIVE_ARCH = YES;
				SDKROOT = iphoneos;
				SWIFT_ACTIVE_COMPILATION_CONDITIONS = DEBUG;
				SWIFT_OPTIMIZATION_LEVEL = "-Onone";
				TARGETED_DEVICE_FAMILY = "1,2";
			};
			name = Debug;
		};
		39CF5CE31FA07D94006EB23C /* Release */ = {
			isa = XCBuildConfiguration;
			buildSettings = {
				ALWAYS_SEARCH_USER_PATHS = NO;
				CLANG_ANALYZER_NONNULL = YES;
				CLANG_ANALYZER_NUMBER_OBJECT_CONVERSION = YES_AGGRESSIVE;
				CLANG_CXX_LANGUAGE_STANDARD = "gnu++0x";
				CLANG_CXX_LIBRARY = "libc++";
				CLANG_ENABLE_MODULES = YES;
				CLANG_ENABLE_OBJC_ARC = YES;
				CLANG_WARN_BLOCK_CAPTURE_AUTORELEASING = YES;
				CLANG_WARN_BOOL_CONVERSION = YES;
				CLANG_WARN_COMMA = YES;
				CLANG_WARN_CONSTANT_CONVERSION = YES;
				CLANG_WARN_DIRECT_OBJC_ISA_USAGE = YES_ERROR;
				CLANG_WARN_DOCUMENTATION_COMMENTS = YES;
				CLANG_WARN_EMPTY_BODY = YES;
				CLANG_WARN_ENUM_CONVERSION = YES;
				CLANG_WARN_INFINITE_RECURSION = YES;
				CLANG_WARN_INT_CONVERSION = YES;
				CLANG_WARN_NON_LITERAL_NULL_CONVERSION = YES;
				CLANG_WARN_OBJC_LITERAL_CONVERSION = YES;
				CLANG_WARN_OBJC_ROOT_CLASS = YES_ERROR;
				CLANG_WARN_RANGE_LOOP_ANALYSIS = YES;
				CLANG_WARN_STRICT_PROTOTYPES = YES;
				CLANG_WARN_SUSPICIOUS_MOVE = YES;
				CLANG_WARN_UNREACHABLE_CODE = YES;
				CLANG_WARN__DUPLICATE_METHOD_MATCH = YES;
				"CODE_SIGN_IDENTITY[sdk=iphoneos*]" = "iPhone Developer";
				COPY_PHASE_STRIP = NO;
				DEBUG_INFORMATION_FORMAT = "dwarf-with-dsym";
				ENABLE_NS_ASSERTIONS = NO;
				ENABLE_STRICT_OBJC_MSGSEND = YES;
				GCC_C_LANGUAGE_STANDARD = gnu99;
				GCC_NO_COMMON_BLOCKS = YES;
				GCC_WARN_64_TO_32_BIT_CONVERSION = YES;
				GCC_WARN_ABOUT_RETURN_TYPE = YES_ERROR;
				GCC_WARN_UNDECLARED_SELECTOR = YES;
				GCC_WARN_UNINITIALIZED_AUTOS = YES_AGGRESSIVE;
				GCC_WARN_UNUSED_FUNCTION = YES;
				GCC_WARN_UNUSED_VARIABLE = YES;
				IPHONEOS_DEPLOYMENT_TARGET = 10.3;
				MTL_ENABLE_DEBUG_INFO = NO;
				SDKROOT = iphoneos;
				SWIFT_OPTIMIZATION_LEVEL = "-Owholemodule";
				TARGETED_DEVICE_FAMILY = "1,2";
				VALIDATE_PRODUCT = YES;
			};
			name = Release;
		};
		39CF5CE51FA07D94006EB23C /* Debug */ = {
			isa = XCBuildConfiguration;
			baseConfigurationReference = B21EA3AB42421D514F4FCB93 /* Pods-SimpleCamera.debug.xcconfig */;
			buildSettings = {
				ASSETCATALOG_COMPILER_APPICON_NAME = AppIcon;
				CLANG_ENABLE_MODULES = YES;
				DEVELOPMENT_TEAM = 48NALRU3W3;
				FRAMEWORK_SEARCH_PATHS = (
					"$(inherited)",
					"$(PROJECT_DIR)/Pods",
					"$(PROJECT_DIR)",
				);
				INFOPLIST_FILE = SimpleCamera/Info.plist;
				IPHONEOS_DEPLOYMENT_TARGET = 9.3;
				LD_RUNPATH_SEARCH_PATHS = "$(inherited) @executable_path/Frameworks";
				PRODUCT_BUNDLE_IDENTIFIER = com.zsoltbiro.SimpleCamera;
				PRODUCT_NAME = "$(TARGET_NAME)";
				SWIFT_OBJC_BRIDGING_HEADER = "SimpleCamera/SimpleCamera-Bridging-Header.h";
				SWIFT_OPTIMIZATION_LEVEL = "-Onone";
				SWIFT_VERSION = 4.0;
				TARGETED_DEVICE_FAMILY = "1,2";
			};
			name = Debug;
		};
		39CF5CE61FA07D94006EB23C /* Release */ = {
			isa = XCBuildConfiguration;
			baseConfigurationReference = 373824BD3B807B0688E813F3 /* Pods-SimpleCamera.release.xcconfig */;
			buildSettings = {
				ASSETCATALOG_COMPILER_APPICON_NAME = AppIcon;
				CLANG_ENABLE_MODULES = YES;
				DEVELOPMENT_TEAM = 48NALRU3W3;
				FRAMEWORK_SEARCH_PATHS = (
					"$(inherited)",
					"$(PROJECT_DIR)/Pods",
					"$(PROJECT_DIR)",
				);
				INFOPLIST_FILE = SimpleCamera/Info.plist;
				IPHONEOS_DEPLOYMENT_TARGET = 9.3;
				LD_RUNPATH_SEARCH_PATHS = "$(inherited) @executable_path/Frameworks";
				PRODUCT_BUNDLE_IDENTIFIER = com.zsoltbiro.SimpleCamera;
				PRODUCT_NAME = "$(TARGET_NAME)";
				SWIFT_OBJC_BRIDGING_HEADER = "SimpleCamera/SimpleCamera-Bridging-Header.h";
				SWIFT_VERSION = 4.0;
				TARGETED_DEVICE_FAMILY = "1,2";
			};
			name = Release;
		};
		39CF5CE81FA07D94006EB23C /* Debug */ = {
			isa = XCBuildConfiguration;
			baseConfigurationReference = 5EAE61B6D2C509AE02AFCAE9 /* Pods-SimpleCameraTests.debug.xcconfig */;
			buildSettings = {
				ALWAYS_EMBED_SWIFT_STANDARD_LIBRARIES = "$(inherited)";
				BUNDLE_LOADER = "$(TEST_HOST)";
				DEVELOPMENT_TEAM = 9L2TPWUVEQ;
				FRAMEWORK_SEARCH_PATHS = (
					"$(inherited)",
					"$(PROJECT_DIR)/build/Debug-iphoneos/Quick",
					"$(PROJECT_DIR)/build/Debug-iphoneos/Nimble",
					"$(PLATFORM_DIR)/Developer/Library/Frameworks",
				);
				INFOPLIST_FILE = SimpleCameraTests/Info.plist;
				LD_RUNPATH_SEARCH_PATHS = "$(inherited) @executable_path/Frameworks @loader_path/Frameworks";
				PRODUCT_BUNDLE_IDENTIFIER = com.zsoltbiro.SimpleCameraTests;
				PRODUCT_NAME = "$(TARGET_NAME)";
				SWIFT_SWIFT3_OBJC_INFERENCE = Default;
				SWIFT_VERSION = 4.0;
				TEST_HOST = "$(BUILT_PRODUCTS_DIR)/SimpleCamera.app/SimpleCamera";
			};
			name = Debug;
		};
		39CF5CE91FA07D94006EB23C /* Release */ = {
			isa = XCBuildConfiguration;
			baseConfigurationReference = 9ACBD0A2CB74A5632B46F504 /* Pods-SimpleCameraTests.release.xcconfig */;
			buildSettings = {
				ALWAYS_EMBED_SWIFT_STANDARD_LIBRARIES = "$(inherited)";
				BUNDLE_LOADER = "$(TEST_HOST)";
				DEVELOPMENT_TEAM = 9L2TPWUVEQ;
				FRAMEWORK_SEARCH_PATHS = (
					"$(inherited)",
					"$(PROJECT_DIR)/build/Debug-iphoneos/Quick",
					"$(PROJECT_DIR)/build/Debug-iphoneos/Nimble",
					"$(PLATFORM_DIR)/Developer/Library/Frameworks",
				);
				INFOPLIST_FILE = SimpleCameraTests/Info.plist;
				LD_RUNPATH_SEARCH_PATHS = "$(inherited) @executable_path/Frameworks @loader_path/Frameworks";
				PRODUCT_BUNDLE_IDENTIFIER = com.zsoltbiro.SimpleCameraTests;
				PRODUCT_NAME = "$(TARGET_NAME)";
				SWIFT_SWIFT3_OBJC_INFERENCE = Default;
				SWIFT_VERSION = 4.0;
				TEST_HOST = "$(BUILT_PRODUCTS_DIR)/SimpleCamera.app/SimpleCamera";
			};
			name = Release;
		};
		39CF5CEB1FA07D94006EB23C /* Debug */ = {
			isa = XCBuildConfiguration;
			baseConfigurationReference = 921C7AC99A42FAC509909F07 /* Pods-SimpleCameraUITests.debug.xcconfig */;
			buildSettings = {
				ALWAYS_EMBED_SWIFT_STANDARD_LIBRARIES = "$(inherited)";
				DEVELOPMENT_TEAM = 9L2TPWUVEQ;
				FRAMEWORK_SEARCH_PATHS = (
					"$(inherited)",
					"$(PROJECT_DIR)/build/Debug-iphoneos/Quick",
					"$(PROJECT_DIR)/build/Debug-iphoneos/Nimble",
					"$(PLATFORM_DIR)/Developer/Library/Frameworks",
				);
				INFOPLIST_FILE = SimpleCameraUITests/Info.plist;
				LD_RUNPATH_SEARCH_PATHS = "$(inherited) @executable_path/Frameworks @loader_path/Frameworks";
				PRODUCT_BUNDLE_IDENTIFIER = com.zsoltbiro.SimpleCameraUITests;
				PRODUCT_NAME = "$(TARGET_NAME)";
				SWIFT_SWIFT3_OBJC_INFERENCE = Default;
				SWIFT_VERSION = 4.0;
				TEST_TARGET_NAME = SimpleCamera;
			};
			name = Debug;
		};
		39CF5CEC1FA07D94006EB23C /* Release */ = {
			isa = XCBuildConfiguration;
			baseConfigurationReference = BE9834E682EE850F4B450518 /* Pods-SimpleCameraUITests.release.xcconfig */;
			buildSettings = {
				ALWAYS_EMBED_SWIFT_STANDARD_LIBRARIES = "$(inherited)";
				DEVELOPMENT_TEAM = 9L2TPWUVEQ;
				FRAMEWORK_SEARCH_PATHS = (
					"$(inherited)",
					"$(PROJECT_DIR)/build/Debug-iphoneos/Quick",
					"$(PROJECT_DIR)/build/Debug-iphoneos/Nimble",
					"$(PLATFORM_DIR)/Developer/Library/Frameworks",
				);
				INFOPLIST_FILE = SimpleCameraUITests/Info.plist;
				LD_RUNPATH_SEARCH_PATHS = "$(inherited) @executable_path/Frameworks @loader_path/Frameworks";
				PRODUCT_BUNDLE_IDENTIFIER = com.zsoltbiro.SimpleCameraUITests;
				PRODUCT_NAME = "$(TARGET_NAME)";
				SWIFT_SWIFT3_OBJC_INFERENCE = Default;
				SWIFT_VERSION = 4.0;
				TEST_TARGET_NAME = SimpleCamera;
			};
			name = Release;
		};
/* End XCBuildConfiguration section */

/* Begin XCConfigurationList section */
		39CF5CB71FA07D94006EB23C /* Build configuration list for PBXProject "SimpleCamera" */ = {
			isa = XCConfigurationList;
			buildConfigurations = (
				39CF5CE21FA07D94006EB23C /* Debug */,
				39CF5CE31FA07D94006EB23C /* Release */,
			);
			defaultConfigurationIsVisible = 0;
			defaultConfigurationName = Release;
		};
		39CF5CE41FA07D94006EB23C /* Build configuration list for PBXNativeTarget "SimpleCamera" */ = {
			isa = XCConfigurationList;
			buildConfigurations = (
				39CF5CE51FA07D94006EB23C /* Debug */,
				39CF5CE61FA07D94006EB23C /* Release */,
			);
			defaultConfigurationIsVisible = 0;
			defaultConfigurationName = Release;
		};
		39CF5CE71FA07D94006EB23C /* Build configuration list for PBXNativeTarget "SimpleCameraTests" */ = {
			isa = XCConfigurationList;
			buildConfigurations = (
				39CF5CE81FA07D94006EB23C /* Debug */,
				39CF5CE91FA07D94006EB23C /* Release */,
			);
			defaultConfigurationIsVisible = 0;
			defaultConfigurationName = Release;
		};
		39CF5CEA1FA07D94006EB23C /* Build configuration list for PBXNativeTarget "SimpleCameraUITests" */ = {
			isa = XCConfigurationList;
			buildConfigurations = (
				39CF5CEB1FA07D94006EB23C /* Debug */,
				39CF5CEC1FA07D94006EB23C /* Release */,
			);
			defaultConfigurationIsVisible = 0;
			defaultConfigurationName = Release;
		};
/* End XCConfigurationList section */
	};
	rootObject = 39CF5CB41FA07D94006EB23C /* Project object */;
}
